{
  "originHash" : "c0c66c12b5005b94ac151f11de1b962831d0082ae0bd838f770c753bc2769312",
  "pins" : [
    {
      "identity" : "swift-argument-parser",
      "kind" : "remoteSourceControl",
      "location" : "https://github.com/apple/swift-argument-parser.git",
      "state" : {
        "revision" : "957954da20c49873cde3ea56352448a2ec63fdaa",
        "version" : "1.7.2"
      }
    }
  ],
  "version" : 3
}
